{
  "version": 4,
  "terraform_version": "1.14.5",
  "serial": 24,
  "lineage": "98a7cef8-6503-c7c1-5976-0cfd5ae5c65a",
  "outputs": {
    "sqs_url": {
      "value": "https://sqs.us-east-1.amazonaws.com/394418123267/trading-sim-news-queue",
      "type": "string"
    }
  },
  "resources": [
    {
      "mode": "data",
      "type": "archive_file",
      "name": "processor_zip",
      "provider": "provider[\"registry.terraform.io/hashicorp/archive\"]",
      "instances": [
        {
          "schema_version": 0,
          "attributes": {
            "exclude_symlink_directories": null,
            "excludes": null,
            "id": "0c351cdf5a592d0cc9f35a4cd52b6544006c8c37",
            "output_base64sha256": "sm6wdrkfmYm1gchlECLtTT4DaLpWbjNrSrdIOnP1gOI=",
            "output_base64sha512": "OCt7LiUynwyjp37ohja3oailHs5yV3ImL8yF8g37q0gluQnITI3hWIxCdkm0TcO00KtgQXB/Bd2AFn0yJtH8mQ==",
            "output_file_mode": null,
            "output_md5": "9b03c460fb6e0c8ae9bb3ab6b67b92a3",
            "output_path": "./dist/processor.zip",
            "output_sha": "0c351cdf5a592d0cc9f35a4cd52b6544006c8c37",
            "output_sha256": "b26eb076b91f9989b581c8651022ed4d3e0368ba566e336b4ab7483a73f580e2",
            "output_sha512": "382b7b2e25329f0ca3a77ee88636b7a1a8a51ece725772262fcc85f20dfbab4825b909c84c8de1588c427649b44dc3b4d0ab6041707f05dd80167d3226d1fc99",
            "output_size": 20260,
            "source": [],
            "source_content": null,
            "source_content_filename": null,
            "source_dir": "./../apps/processor/dist",
            "source_file": null,
            "type": "zip"
          },
          "sensitive_attributes": [],
          "identity_schema_version": 0
        }
      ]
    },
    {
      "mode": "managed",
      "type": "aws_iam_policy",
      "name": "lambda_sqs_policy",
      "provider": "provider[\"registry.terraform.io/hashicorp/aws\"]",
      "instances": [
        {
          "schema_version": 0,
          "attributes": {
            "arn": "arn:aws:iam::394418123267:policy/trading-sim-lambda-sqs-policy",
            "attachment_count": 1,
            "delay_after_policy_creation_in_ms": null,
            "description": "Allows Lambda to read from SQS",
            "id": "arn:aws:iam::394418123267:policy/trading-sim-lambda-sqs-policy",
            "name": "trading-sim-lambda-sqs-policy",
            "name_prefix": "",
            "path": "/",
            "policy": "{\"Statement\":[{\"Action\":[\"sqs:ReceiveMessage\",\"sqs:DeleteMessage\",\"sqs:GetQueueAttributes\"],\"Effect\":\"Allow\",\"Resource\":\"arn:aws:sqs:us-east-1:394418123267:trading-sim-news-queue\"},{\"Action\":[\"logs:CreateLogGroup\",\"logs:CreateLogStream\",\"logs:PutLogEvents\"],\"Effect\":\"Allow\",\"Resource\":\"arn:aws:logs:*:*:*\"}],\"Version\":\"2012-10-17\"}",
            "policy_id": "ANPAVXVJG6IB6Y26XBA3R",
            "tags": {},
            "tags_all": {}
          },
          "sensitive_attributes": [],
          "identity_schema_version": 0,
          "identity": {
            "arn": "arn:aws:iam::394418123267:policy/trading-sim-lambda-sqs-policy"
          },
          "private": "bnVsbA==",
          "dependencies": [
            "aws_sqs_queue.news_queue"
          ]
        }
      ]
    },
    {
      "mode": "managed",
      "type": "aws_iam_role",
      "name": "processor_role",
      "provider": "provider[\"registry.terraform.io/hashicorp/aws\"]",
      "instances": [
        {
          "schema_version": 0,
          "attributes": {
            "arn": "arn:aws:iam::394418123267:role/trading-sim-processor-role",
            "assume_role_policy": "{\"Statement\":[{\"Action\":\"sts:AssumeRole\",\"Effect\":\"Allow\",\"Principal\":{\"Service\":\"lambda.amazonaws.com\"}}],\"Version\":\"2012-10-17\"}",
            "create_date": "2026-02-16T20:45:18Z",
            "description": "",
            "force_detach_policies": false,
            "id": "trading-sim-processor-role",
            "inline_policy": [],
            "managed_policy_arns": [
              "arn:aws:iam::394418123267:policy/trading-sim-lambda-sqs-policy"
            ],
            "max_session_duration": 3600,
            "name": "trading-sim-processor-role",
            "name_prefix": "",
            "path": "/",
            "permissions_boundary": "",
            "tags": {},
            "tags_all": {},
            "unique_id": "AROAVXVJG6IBU3FYS4XF4"
          },
          "sensitive_attributes": [],
          "identity_schema_version": 0,
          "identity": {
            "account_id": "394418123267",
            "name": "trading-sim-processor-role"
          },
          "private": "bnVsbA=="
        }
      ]
    },
    {
      "mode": "managed",
      "type": "aws_iam_role_policy_attachment",
      "name": "sqs_attach",
      "provider": "provider[\"registry.terraform.io/hashicorp/aws\"]",
      "instances": [
        {
          "schema_version": 0,
          "attributes": {
            "id": "trading-sim-processor-role/arn:aws:iam::394418123267:policy/trading-sim-lambda-sqs-policy",
            "policy_arn": "arn:aws:iam::394418123267:policy/trading-sim-lambda-sqs-policy",
            "role": "trading-sim-processor-role"
          },
          "sensitive_attributes": [],
          "identity_schema_version": 0,
          "identity": {
            "account_id": "394418123267",
            "policy_arn": "arn:aws:iam::394418123267:policy/trading-sim-lambda-sqs-policy",
            "role": "trading-sim-processor-role"
          },
          "private": "bnVsbA==",
          "dependencies": [
            "aws_iam_policy.lambda_sqs_policy",
            "aws_iam_role.processor_role",
            "aws_sqs_queue.news_queue"
          ]
        }
      ]
    },
    {
      "mode": "managed",
      "type": "aws_lambda_event_source_mapping",
      "name": "sqs_to_lambda",
      "provider": "provider[\"registry.terraform.io/hashicorp/aws\"]",
      "instances": [
        {
          "schema_version": 0,
          "attributes": {
            "amazon_managed_kafka_event_source_config": [],
            "arn": "arn:aws:lambda:us-east-1:394418123267:event-source-mapping:3df6cd66-6188-446c-8e05-955ecafc1514",
            "batch_size": 100,
            "bisect_batch_on_function_error": false,
            "destination_config": [],
            "document_db_event_source_config": [],
            "enabled": true,
            "event_source_arn": "arn:aws:sqs:us-east-1:394418123267:trading-sim-news-queue",
            "filter_criteria": [],
            "function_arn": "arn:aws:lambda:us-east-1:394418123267:function:trading-sim-processor",
            "function_name": "arn:aws:lambda:us-east-1:394418123267:function:trading-sim-processor",
            "function_response_types": [],
            "id": "3df6cd66-6188-446c-8e05-955ecafc1514",
            "kms_key_arn": "",
            "last_modified": "2026-02-17T04:34:16Z",
            "last_processing_result": "",
            "maximum_batching_window_in_seconds": 5,
            "maximum_record_age_in_seconds": 0,
            "maximum_retry_attempts": 0,
            "metrics_config": [],
            "parallelization_factor": 0,
            "provisioned_poller_config": [],
            "queues": [],
            "region": "us-east-1",
            "scaling_config": [],
            "self_managed_event_source": [],
            "self_managed_kafka_event_source_config": [],
            "source_access_configuration": [],
            "starting_position": "",
            "starting_position_timestamp": "",
            "state": "Enabled",
            "state_transition_reason": "USER_INITIATED",
            "tags": {},
            "tags_all": {},
            "topics": [],
            "tumbling_window_in_seconds": 0,
            "uuid": "3df6cd66-6188-446c-8e05-955ecafc1514"
          },
          "sensitive_attributes": [],
          "identity_schema_version": 0,
          "private": "bnVsbA==",
          "dependencies": [
            "aws_iam_role.processor_role",
            "aws_lambda_function.processor",
            "aws_sqs_queue.news_queue",
            "data.archive_file.processor_zip",
            "null_resource.build_processor"
          ]
        }
      ]
    },
    {
      "mode": "managed",
      "type": "aws_lambda_function",
      "name": "processor",
      "provider": "provider[\"registry.terraform.io/hashicorp/aws\"]",
      "instances": [
        {
          "schema_version": 0,
          "attributes": {
            "architectures": [
              "x86_64"
            ],
            "arn": "arn:aws:lambda:us-east-1:394418123267:function:trading-sim-processor",
            "capacity_provider_config": [],
            "code_sha256": "sm6wdrkfmYm1gchlECLtTT4DaLpWbjNrSrdIOnP1gOI=",
            "code_signing_config_arn": "",
            "dead_letter_config": [],
            "description": "",
            "durable_config": [],
            "environment": [],
            "ephemeral_storage": [
              {
                "size": 512
              }
            ],
            "file_system_config": [],
            "filename": "./dist/processor.zip",
            "function_name": "trading-sim-processor",
            "handler": "index.handler",
            "id": "trading-sim-processor",
            "image_config": [],
            "image_uri": "",
            "invoke_arn": "arn:aws:apigateway:us-east-1:lambda:path/2015-03-31/functions/arn:aws:lambda:us-east-1:394418123267:function:trading-sim-processor/invocations",
            "kms_key_arn": "",
            "last_modified": "2026-02-17T05:31:54.000+0000",
            "layers": [],
            "logging_config": [
              {
                "application_log_level": "",
                "log_format": "Text",
                "log_group": "/aws/lambda/trading-sim-processor",
                "system_log_level": ""
              }
            ],
            "memory_size": 128,
            "package_type": "Zip",
            "publish": false,
            "publish_to": null,
            "qualified_arn": "arn:aws:lambda:us-east-1:394418123267:function:trading-sim-processor:$LATEST",
            "qualified_invoke_arn": "arn:aws:apigateway:us-east-1:lambda:path/2015-03-31/functions/arn:aws:lambda:us-east-1:394418123267:function:trading-sim-processor:$LATEST/invocations",
            "region": "us-east-1",
            "replace_security_groups_on_destroy": null,
            "replacement_security_group_ids": null,
            "reserved_concurrent_executions": 1,
            "response_streaming_invoke_arn": "arn:aws:apigateway:us-east-1:lambda:path/2021-11-15/functions/arn:aws:lambda:us-east-1:394418123267:function:trading-sim-processor/response-streaming-invocations",
            "role": "arn:aws:iam::394418123267:role/trading-sim-processor-role",
            "runtime": "nodejs22.x",
            "s3_bucket": null,
            "s3_key": null,
            "s3_object_version": null,
            "signing_job_arn": "",
            "signing_profile_version_arn": "",
            "skip_destroy": false,
            "snap_start": [],
            "source_code_hash": "sm6wdrkfmYm1gchlECLtTT4DaLpWbjNrSrdIOnP1gOI=",
            "source_code_size": 20260,
            "source_kms_key_arn": "",
            "tags": {},
            "tags_all": {},
            "tenancy_config": [],
            "timeout": 10,
            "timeouts": null,
            "tracing_config": [
              {
                "mode": "PassThrough"
              }
            ],
            "version": "$LATEST",
            "vpc_config": []
          },
          "sensitive_attributes": [],
          "identity_schema_version": 0,
          "identity": {
            "account_id": "394418123267",
            "function_name": "trading-sim-processor",
            "region": "us-east-1"
          },
          "private": "eyJlMmJmYjczMC1lY2FhLTExZTYtOGY4OC0zNDM2M2JjN2M0YzAiOnsiY3JlYXRlIjo2MDAwMDAwMDAwMDAsImRlbGV0ZSI6NjAwMDAwMDAwMDAwLCJ1cGRhdGUiOjYwMDAwMDAwMDAwMH19",
          "dependencies": [
            "aws_iam_role.processor_role",
            "data.archive_file.processor_zip",
            "null_resource.build_processor"
          ]
        }
      ]
    },
    {
      "mode": "managed",
      "type": "aws_sqs_queue",
      "name": "news_queue",
      "provider": "provider[\"registry.terraform.io/hashicorp/aws\"]",
      "instances": [
        {
          "schema_version": 0,
          "attributes": {
            "arn": "arn:aws:sqs:us-east-1:394418123267:trading-sim-news-queue",
            "content_based_deduplication": false,
            "deduplication_scope": "",
            "delay_seconds": 0,
            "fifo_queue": false,
            "fifo_throughput_limit": "",
            "id": "https://sqs.us-east-1.amazonaws.com/394418123267/trading-sim-news-queue",
            "kms_data_key_reuse_period_seconds": 300,
            "kms_master_key_id": "",
            "max_message_size": 262144,
            "message_retention_seconds": 345600,
            "name": "trading-sim-news-queue",
            "name_prefix": "",
            "policy": "",
            "receive_wait_time_seconds": 20,
            "redrive_allow_policy": "",
            "redrive_policy": "",
            "region": "us-east-1",
            "sqs_managed_sse_enabled": true,
            "tags": {},
            "tags_all": {},
            "timeouts": null,
            "url": "https://sqs.us-east-1.amazonaws.com/394418123267/trading-sim-news-queue",
            "visibility_timeout_seconds": 30
          },
          "sensitive_attributes": [],
          "identity_schema_version": 1,
          "identity": {
            "url": "https://sqs.us-east-1.amazonaws.com/394418123267/trading-sim-news-queue"
          },
          "private": "eyJlMmJmYjczMC1lY2FhLTExZTYtOGY4OC0zNDM2M2JjN2M0YzAiOnsiY3JlYXRlIjoxODAwMDAwMDAwMDAsImRlbGV0ZSI6MTgwMDAwMDAwMDAwLCJ1cGRhdGUiOjE4MDAwMDAwMDAwMH19"
        }
      ]
    },
    {
      "mode": "managed",
      "type": "aws_ssm_parameter",
      "name": "queue_url",
      "provider": "provider[\"registry.terraform.io/hashicorp/aws\"]",
      "instances": [
        {
          "schema_version": 0,
          "attributes": {
            "allowed_pattern": "",
            "arn": "arn:aws:ssm:us-east-1:394418123267:parameter/trading-sim/sqs-url",
            "data_type": "text",
            "description": "",
            "has_value_wo": false,
            "id": "/trading-sim/sqs-url",
            "insecure_value": null,
            "key_id": "",
            "name": "/trading-sim/sqs-url",
            "overwrite": null,
            "region": "us-east-1",
            "tags": {},
            "tags_all": {},
            "tier": "Standard",
            "type": "String",
            "value": "https://sqs.us-east-1.amazonaws.com/394418123267/trading-sim-news-queue",
            "value_wo": null,
            "value_wo_version": null,
            "version": 1
          },
          "sensitive_attributes": [
            [
              {
                "type": "get_attr",
                "value": "value"
              }
            ],
            [
              {
                "type": "get_attr",
                "value": "value_wo"
              }
            ]
          ],
          "identity_schema_version": 0,
          "identity": {
            "account_id": "394418123267",
            "name": "/trading-sim/sqs-url",
            "region": "us-east-1"
          },
          "private": "bnVsbA==",
          "dependencies": [
            "aws_sqs_queue.news_queue"
          ]
        }
      ]
    },
    {
      "mode": "managed",
      "type": "null_resource",
      "name": "build_processor",
      "provider": "provider[\"registry.terraform.io/hashicorp/null\"]",
      "instances": [
        {
          "schema_version": 0,
          "attributes": {
            "id": "1463049713878556807",
            "triggers": {
              "code_hash": "e3b0c44298fc1c149afbf4c8996fb92427ae41e4649b934ca495991b7852b855"
            }
          },
          "sensitive_attributes": [],
          "identity_schema_version": 0
        }
      ]
    }
  ],
  "check_results": null
}
